{
  "name": "iv-3d-lib",
  "version": "1.0.18",
  "lockfileVersion": 1,
  "requires": true,
  "dependencies": {
    "@types/node": {
      "version": "8.0.14",
      "resolved": "https://registry.npmjs.org/@types/node/-/node-8.0.14.tgz",
      "integrity": "sha512-lrtgE/5FeTdcuxgsDbLUIFJ33dTp4TkbKkTDZt/ueUMeqmGYqJRQd908q5Yj9EzzWSMonEhMr1q/CQlgVGEt4w==",
      "dev": true
    },
    "dat-gui": {
      "version": "0.5.0",
      "resolved": "https://registry.npmjs.org/dat-gui/-/dat-gui-0.5.0.tgz",
      "integrity": "sha1-EhLag2EJdH0KwiC617B8F9qgNYM="
    },
    "expr-eval": {
      "version": "1.2.0",
      "resolved": "https://registry.npmjs.org/expr-eval/-/expr-eval-1.2.0.tgz",
      "integrity": "sha1-mp1/a6jZWNRB31qHSg65Ui+xCno="
    },
    "nosleep.js": {
      "version": "0.7.0",
      "resolved": "https://registry.npmjs.org/nosleep.js/-/nosleep.js-0.7.0.tgz",
      "integrity": "sha1-z9kZwlUjyg0PSmn7MwXAg62u4ok="
    },
    "numeral": {
      "version": "2.0.6",
      "resolved": "https://registry.npmjs.org/numeral/-/numeral-2.0.6.tgz",
      "integrity": "sha1-StCAk21EPCVhrtnyGX7//iX05QY="
    },
    "requirejs": {
      "version": "2.3.5",
      "resolved": "https://registry.npmjs.org/requirejs/-/requirejs-2.3.5.tgz",
      "integrity": "sha1-YXuay7yzNlQO9JFNeQMjqNS4YbA="
    },
    "text": {
      "version": "git://github.com/requirejs/text.git#d04de4ffd7bf5ba6cb80cdca2d40d4f6f52a1b1f",
      "from": "requirejs/text#latest"
    },
    "three": {
      "version": "0.126.1",
      "resolved": "https://registry.npmjs.org/three/-/three-0.126.1.tgz",
      "integrity": "sha512-eOEXnZeE1FDV0XgL1u08auIP13jxdN9LQBAEmlErYzMxtIIfuGIAZbijOyookALUhqVzVOx0Tywj6n192VM+nQ=="
    },
    "three-anaglypheffect": {
      "version": "1.0.0",
      "resolved": "https://registry.npmjs.org/three-anaglypheffect/-/three-anaglypheffect-1.0.0.tgz",
      "integrity": "sha1-DAwPeLZAzR5Y8BJl0xStNvZu1R4="
    },
    "three-asciieffect": {
      "version": "1.0.1",
      "resolved": "https://registry.npmjs.org/three-asciieffect/-/three-asciieffect-1.0.1.tgz",
      "integrity": "sha1-3Lk/uVn494D8ozE3nP65X8lwd/0="
    },
    "three-buffer-geometry-utils": {
      "version": "1.0.0",
      "resolved": "https://registry.npmjs.org/three-buffer-geometry-utils/-/three-buffer-geometry-utils-1.0.0.tgz",
      "integrity": "sha1-HFT4/ZmT8wUyXl4VmSVQFNVHCdw="
    },
    "three-css3drenderer": {
      "version": "1.0.0",
      "resolved": "https://registry.npmjs.org/three-css3drenderer/-/three-css3drenderer-1.0.0.tgz",
      "integrity": "sha1-YzWpwSS41oSTv0TYlmyAMlPWSxI="
    },
    "three-orbitcontrols": {
      "version": "1.2.1",
      "resolved": "https://registry.npmjs.org/three-orbitcontrols/-/three-orbitcontrols-1.2.1.tgz",
      "integrity": "sha1-zhCmsJTCCLf4+/DQyuP4VuI4XjI="
    },
    "three-shader-terrain": {
      "version": "1.0.3",
      "resolved": "https://registry.npmjs.org/three-shader-terrain/-/three-shader-terrain-1.0.3.tgz",
      "integrity": "sha1-UY2Vvu2OePz2Dqf/XT6agoK3p98="
    },
    "three-shaders": {
      "version": "1.0.16",
      "resolved": "https://registry.npmjs.org/three-shaders/-/three-shaders-1.0.16.tgz",
      "integrity": "sha1-tqXSX9JyqYxnsO4Rb/OhBXuQaEo="
    },
    "three-stereoeffect": {
      "version": "1.0.15",
      "resolved": "https://registry.npmjs.org/three-stereoeffect/-/three-stereoeffect-1.0.15.tgz",
      "integrity": "sha1-OErn3BwbnTaSoEeG0jqTjx5bfm4="
    },
    "three-trackballcontrols": {
      "version": "0.9.0",
      "resolved": "https://registry.npmjs.org/three-trackballcontrols/-/three-trackballcontrols-0.9.0.tgz",
      "integrity": "sha512-Z6HmIJnP70r5uONvcPCdLEF0SsG1kbGzNb7qQYj3c7b6v2E3XTlbNpZsgTjt36oKm0Z2tU11D6EbW4i8KIHuqA=="
    },
    "three.regular.helvetiker": {
      "version": "1.0.0",
      "resolved": "https://registry.npmjs.org/three.regular.helvetiker/-/three.regular.helvetiker-1.0.0.tgz",
      "integrity": "sha1-5cpxgZb1rXvseN4WlWx7LW5PL98="
    },
    "threeleapcontrols": {
      "version": "1.0.1",
      "resolved": "https://registry.npmjs.org/threeleapcontrols/-/threeleapcontrols-1.0.1.tgz",
      "integrity": "sha1-lOAFNSRk2zrlJMT86IIGgqE5GBY="
    },
    "tween.js": {
      "version": "16.6.0",
      "resolved": "https://registry.npmjs.org/tween.js/-/tween.js-16.6.0.tgz",
      "integrity": "sha1-c5EEyTNsxPEe5T+c587eUeZyNiQ="
    },
    "typescript": {
      "version": "2.7.1",
      "resolved": "https://registry.npmjs.org/typescript/-/typescript-2.7.1.tgz",
      "integrity": "sha512-bqB1yS6o9TNA9ZC/MJxM0FZzPnZdtHj0xWK/IZ5khzVqdpGul/R/EIiHRgFXlwTD7PSIaYVnGKq1QgMCu2mnqw==",
      "dev": true
    }
  }
}
